// !$*UTF8*$!
{
	archiveVersion = 1;
	classes = {
	};
	objectVersion = 46;
	objects = {

/* Begin PBXBuildFile section */
		BC42E2091F4EA2E00015886C /* SginUp.swift in Sources */ = {isa = PBXBuildFile; fileRef = BC42E2081F4EA2E00015886C /* SginUp.swift */; };
		BC58ADA41F4E80C5009A59B1 /* LoginViewController.swift in Sources */ = {isa = PBXBuildFile; fileRef = BC58ADA31F4E80C5009A59B1 /* LoginViewController.swift */; };
		BC6ADAD11F3506640052C27C /* AppDelegate.swift in Sources */ = {isa = PBXBuildFile; fileRef = BC6ADAD01F3506640052C27C /* AppDelegate.swift */; };
		BC6ADAD31F3506640052C27C /* ViewController.swift in Sources */ = {isa = PBXBuildFile; fileRef = BC6ADAD21F3506640052C27C /* ViewController.swift */; };
		BC6ADAD61F3506640052C27C /* Main.storyboard in Resources */ = {isa = PBXBuildFile; fileRef = BC6ADAD41F3506640052C27C /* Main.storyboard */; };
		BC6ADADB1F3506640052C27C /* Assets.xcassets in Resources */ = {isa = PBXBuildFile; fileRef = BC6ADADA1F3506640052C27C /* Assets.xcassets */; };
		BC6ADADE1F3506640052C27C /* LaunchScreen.storyboard in Resources */ = {isa = PBXBuildFile; fileRef = BC6ADADC1F3506640052C27C /* LaunchScreen.storyboard */; };
		BC6ADAEC1F350DB40052C27C /* MembersList.swift in Sources */ = {isa = PBXBuildFile; fileRef = BC6ADAEB1F350DB40052C27C /* MembersList.swift */; };
		BC6ADAEE1F351B3B0052C27C /* BrainFunction.swift in Sources */ = {isa = PBXBuildFile; fileRef = BC6ADAED1F351B3B0052C27C /* BrainFunction.swift */; };
		BC6ADAF11F35D7840052C27C /* PersonalDetailsInfo.swift in Sources */ = {isa = PBXBuildFile; fileRef = BC6ADAEF1F35D7840052C27C /* PersonalDetailsInfo.swift */; };
		BC6ADAF21F35D7840052C27C /* PersonalDetailsInfo.xib in Resources */ = {isa = PBXBuildFile; fileRef = BC6ADAF01F35D7840052C27C /* PersonalDetailsInfo.xib */; };
		BCD313081F41530C002DFECC /* Information.swift in Sources */ = {isa = PBXBuildFile; fileRef = BCD313071F41530C002DFECC /* Information.swift */; };
/* End PBXBuildFile section */

/* Begin PBXFileReference section */
		BC42E2081F4EA2E00015886C /* SginUp.swift */ = {isa = PBXFileReference; fileEncoding = 4; lastKnownFileType = sourcecode.swift; path = SginUp.swift; sourceTree = "<group>"; };
		BC58ADA31F4E80C5009A59B1 /* LoginViewController.swift */ = {isa = PBXFileReference; fileEncoding = 4; lastKnownFileType = sourcecode.swift; path = LoginViewController.swift; sourceTree = "<group>"; };
		BC6ADACD1F3506640052C27C /* Presideo.app */ = {isa = PBXFileReference; explicitFileType = wrapper.application; includeInIndex = 0; path = Presideo.app; sourceTree = BUILT_PRODUCTS_DIR; };
		BC6ADAD01F3506640052C27C /* AppDelegate.swift */ = {isa = PBXFileReference; lastKnownFileType = sourcecode.swift; path = AppDelegate.swift; sourceTree = "<group>"; };
		BC6ADAD21F3506640052C27C /* ViewController.swift */ = {isa = PBXFileReference; lastKnownFileType = sourcecode.swift; path = ViewController.swift; sourceTree = "<group>"; };
		BC6ADAD51F3506640052C27C /* Base */ = {isa = PBXFileReference; lastKnownFileType = file.storyboard; name = Base; path = Base.lproj/Main.storyboard; sourceTree = "<group>"; };
		BC6ADAD81F3506640052C27C /* Presideo.xcdatamodel */ = {isa = PBXFileReference; lastKnownFileType = wrapper.xcdatamodel; path = Presideo.xcdatamodel; sourceTree = "<group>"; };
		BC6ADADA1F3506640052C27C /* Assets.xcassets */ = {isa = PBXFileReference; lastKnownFileType = folder.assetcatalog; path = Assets.xcassets; sourceTree = "<group>"; };
		BC6ADADD1F3506640052C27C /* Base */ = {isa = PBXFileReference; lastKnownFileType = file.storyboard; name = Base; path = Base.lproj/LaunchScreen.storyboard; sourceTree = "<group>"; };
		BC6ADADF1F3506640052C27C /* Info.plist */ = {isa = PBXFileReference; lastKnownFileType = text.plist.xml; path = Info.plist; sourceTree = "<group>"; };
		BC6ADAEB1F350DB40052C27C /* MembersList.swift */ = {isa = PBXFileReference; fileEncoding = 4; lastKnownFileType = sourcecode.swift; name = MembersList.swift; path = ../MembersList.swift; sourceTree = "<group>"; };
		BC6ADAED1F351B3B0052C27C /* BrainFunction.swift */ = {isa = PBXFileReference; fileEncoding = 4; lastKnownFileType = sourcecode.swift; path = BrainFunction.swift; sourceTree = "<group>"; };
		BC6ADAEF1F35D7840052C27C /* PersonalDetailsInfo.swift */ = {isa = PBXFileReference; fileEncoding = 4; lastKnownFileType = sourcecode.swift; path = PersonalDetailsInfo.swift; sourceTree = "<group>"; };
		BC6ADAF01F35D7840052C27C /* PersonalDetailsInfo.xib */ = {isa = PBXFileReference; fileEncoding = 4; lastKnownFileType = file.xib; path = PersonalDetailsInfo.xib; sourceTree = "<group>"; };
		BCD313071F41530C002DFECC /* Information.swift */ = {isa = PBXFileReference; fileEncoding = 4; lastKnownFileType = sourcecode.swift; path = Information.swift; sourceTree = "<group>"; };
/* End PBXFileReference section */

/* Begin PBXFrameworksBuildPhase section */
		BC6ADACA1F3506640052C27C /* Frameworks */ = {
			isa = PBXFrameworksBuildPhase;
			buildActionMask = 2147483647;
			files = (
			);
			runOnlyForDeploymentPostprocessing = 0;
		};
/* End PBXFrameworksBuildPhase section */

/* Begin PBXGroup section */
		BC6ADAC41F3506640052C27C = {
			isa = PBXGroup;
			children = (
				BC6ADACF1F3506640052C27C /* Presideo */,
				BC6ADACE1F3506640052C27C /* Products */,
			);
			sourceTree = "<group>";
		};
		BC6ADACE1F3506640052C27C /* Products */ = {
			isa = PBXGroup;
			children = (
				BC6ADACD1F3506640052C27C /* Presideo.app */,
			);
			name = Products;
			sourceTree = "<group>";
		};
		BC6ADACF1F3506640052C27C /* Presideo */ = {
			isa = PBXGroup;
			children = (
				BC6ADAD01F3506640052C27C /* AppDelegate.swift */,
				BC6ADAD21F3506640052C27C /* ViewController.swift */,
				BC6ADAEB1F350DB40052C27C /* MembersList.swift */,
				BC6ADAED1F351B3B0052C27C /* BrainFunction.swift */,
				BCD313071F41530C002DFECC /* Information.swift */,
				BC6ADAD41F3506640052C27C /* Main.storyboard */,
				BC6ADAEF1F35D7840052C27C /* PersonalDetailsInfo.swift */,
				BC6ADAF01F35D7840052C27C /* PersonalDetailsInfo.xib */,
				BC6ADADA1F3506640052C27C /* Assets.xcassets */,
				BC6ADADC1F3506640052C27C /* LaunchScreen.storyboard */,
				BC6ADADF1F3506640052C27C /* Info.plist */,
				BC6ADAD71F3506640052C27C /* Presideo.xcdatamodeld */,
				BC58ADA31F4E80C5009A59B1 /* LoginViewController.swift */,
				BC42E2081F4EA2E00015886C /* SginUp.swift */,
			);
			path = Presideo;
			sourceTree = "<group>";
		};
/* End PBXGroup section */

/* Begin PBXNativeTarget section */
		BC6ADACC1F3506640052C27C /* Presideo */ = {
			isa = PBXNativeTarget;
			buildConfigurationList = BC6ADAE21F3506640052C27C /* Build configuration list for PBXNativeTarget "Presideo" */;
			buildPhases = (
				BC6ADAC91F3506640052C27C /* Sources */,
				BC6ADACA1F3506640052C27C /* Frameworks */,
				BC6ADACB1F3506640052C27C /* Resources */,
			);
			buildRules = (
			);
			dependencies = (
			);
			name = Presideo;
			productName = Presideo;
			productReference = BC6ADACD1F3506640052C27C /* Presideo.app */;
			productType = "com.apple.product-type.application";
		};
/* End PBXNativeTarget section */

/* Begin PBXProject section */
		BC6ADAC51F3506640052C27C /* Project object */ = {
			isa = PBXProject;
			attributes = {
				LastSwiftUpdateCheck = 0830;
				LastUpgradeCheck = 0830;
				ORGANIZATIONNAME = "Prakash maripalli";
				TargetAttributes = {
					BC6ADACC1F3506640052C27C = {
						CreatedOnToolsVersion = 8.3.3;
						ProvisioningStyle = Automatic;
					};
				};
			};
			buildConfigurationList = BC6ADAC81F3506640052C27C /* Build configuration list for PBXProject "Presideo" */;
			compatibilityVersion = "Xcode 3.2";
			developmentRegion = English;
			hasScannedForEncodings = 0;
			knownRegions = (
				en,
				Base,
			);
			mainGroup = BC6ADAC41F3506640052C27C;
			productRefGroup = BC6ADACE1F3506640052C27C /* Products */;
			projectDirPath = "";
			projectRoot = "";
			targets = (
				BC6ADACC1F3506640052C27C /* Presideo */,
			);
		};
/* End PBXProject section */

/* Begin PBXResourcesBuildPhase section */
		BC6ADACB1F3506640052C27C /* Resources */ = {
			isa = PBXResourcesBuildPhase;
			buildActionMask = 2147483647;
			files = (
				BC6ADADE1F3506640052C27C /* LaunchScreen.storyboard in Resources */,
				BC6ADADB1F3506640052C27C /* Assets.xcassets in Resources */,
				BC6ADAF21F35D7840052C27C /* PersonalDetailsInfo.xib in Resources */,
				BC6ADAD61F3506640052C27C /* Main.storyboard in Resources */,
			);
			runOnlyForDeploymentPostprocessing = 0;
		};
/* End PBXResourcesBuildPhase section */

/* Begin PBXSourcesBuildPhase section */
		BC6ADAC91F3506640052C27C /* Sources */ = {
			isa = PBXSourcesBuildPhase;
			buildActionMask = 2147483647;
			files = (
				BC58ADA41F4E80C5009A59B1 /* LoginViewController.swift in Sources */,
				BC6ADAEE1F351B3B0052C27C /* BrainFunction.swift in Sources */,
				BCD313081F41530C002DFECC /* Information.swift in Sources */,
				BC6ADAD31F3506640052C27C /* ViewController.swift in Sources */,
				BC6ADAEC1F350DB40052C27C /* MembersList.swift in Sources */,
				BC42E2091F4EA2E00015886C /* SginUp.swift in Sources */,
				BC6ADAF11F35D7840052C27C /* PersonalDetailsInfo.swift in Sources */,
				BC6ADAD11F3506640052C27C /* AppDelegate.swift in Sources */,
			);
			runOnlyForDeploymentPostprocessing = 0;
		};
/* End PBXSourcesBuildPhase section */

/* Begin PBXVariantGroup section */
		BC6ADAD41F3506640052C27C /* Main.storyboard */ = {
			isa = PBXVariantGroup;
			children = (
				BC6ADAD51F3506640052C27C /* Base */,
			);
			name = Main.storyboard;
			sourceTree = "<group>";
		};
		BC6ADADC1F3506640052C27C /* LaunchScreen.storyboard */ = {
			isa = PBXVariantGroup;
			children = (
				BC6ADADD1F3506640052C27C /* Base */,
			);
			name = LaunchScreen.storyboard;
			sourceTree = "<group>";
		};
/* End PBXVariantGroup section */

/* Begin XCBuildConfiguration section */
		BC6ADAE01F3506640052C27C /* Debug */ = {
			isa = XCBuildConfiguration;
			buildSettings = {
				ALWAYS_SEARCH_USER_PATHS = NO;
				CLANG_ANALYZER_NONNULL = YES;
				CLANG_ANALYZER_NUMBER_OBJECT_CONVERSION = YES_AGGRESSIVE;
				CLANG_CXX_LANGUAGE_STANDARD = "gnu++0x";
				CLANG_CXX_LIBRARY = "libc++";
				CLANG_ENABLE_MODULES = YES;
				CLANG_ENABLE_OBJC_ARC = YES;
				CLANG_WARN_BOOL_CONVERSION = YES;
				CLANG_WARN_CONSTANT_CONVERSION = YES;
				CLANG_WARN_DIRECT_OBJC_ISA_USAGE = YES_ERROR;
				CLANG_WARN_DOCUMENTATION_COMMENTS = YES;
				CLANG_WARN_EMPTY_BODY = YES;
				CLANG_WARN_ENUM_CONVERSION = YES;
				CLANG_WARN_INFINITE_RECURSION = YES;
				CLANG_WARN_INT_CONVERSION = YES;
				CLANG_WARN_OBJC_ROOT_CLASS = YES_ERROR;
				CLANG_WARN_SUSPICIOUS_MOVE = YES;
				CLANG_WARN_UNREACHABLE_CODE = YES;
				CLANG_WARN__DUPLICATE_METHOD_MATCH = YES;
				"CODE_SIGN_IDENTITY[sdk=iphoneos*]" = "iPhone Developer";
				COPY_PHASE_STRIP = NO;
				DEBUG_INFORMATION_FORMAT = dwarf;
				ENABLE_STRICT_OBJC_MSGSEND = YES;
				ENABLE_TESTABILITY = YES;
				GCC_C_LANGUAGE_STANDARD = gnu99;
				GCC_DYNAMIC_NO_PIC = NO;
				GCC_NO_COMMON_BLOCKS = YES;
				GCC_OPTIMIZATION_LEVEL = 0;
				GCC_PREPROCESSOR_DEFINITIONS = (
					"DEBUG=1",
					"$(inherited)",
				);
				GCC_WARN_64_TO_32_BIT_CONVERSION = YES;
				GCC_WARN_ABOUT_RETURN_TYPE = YES_ERROR;
				GCC_WARN_UNDECLARED_SELECTOR = YES;
				GCC_WARN_UNINITIALIZED_AUTOS = YES_AGGRESSIVE;
				GCC_WARN_UNUSED_FUNCTION = YES;
				GCC_WARN_UNUSED_VARIABLE = YES;
				IPHONEOS_DEPLOYMENT_TARGET = 10.3;
				MTL_ENABLE_DEBUG_INFO = YES;
				ONLY_ACTIVE_ARCH = YES;
				SDKROOT = iphoneos;
				SWIFT_ACTIVE_COMPILATION_CONDITIONS = DEBUG;
				SWIFT_OPTIMIZATION_LEVEL = "-Onone";
				TARGETED_DEVICE_FAMILY = "1,2";
			};
			name = Debug;
		};
		BC6ADAE11F3506640052C27C /* Release */ = {
			isa = XCBuildConfiguration;
			buildSettings = {
				ALWAYS_SEARCH_USER_PATHS = NO;
				CLANG_ANALYZER_NONNULL = YES;
				CLANG_ANALYZER_NUMBER_OBJECT_CONVERSION = YES_AGGRESSIVE;
				CLANG_CXX_LANGUAGE_STANDARD = "gnu++0x";
				CLANG_CXX_LIBRARY = "libc++";
				CLANG_ENABLE_MODULES = YES;
				CLANG_ENABLE_OBJC_ARC = YES;
				CLANG_WARN_BOOL_CONVERSION = YES;
				CLANG_WARN_CONSTANT_CONVERSION = YES;
				CLANG_WARN_DIRECT_OBJC_ISA_USAGE = YES_ERROR;
				CLANG_WARN_DOCUMENTATION_COMMENTS = YES;
				CLANG_WARN_EMPTY_BODY = YES;
				CLANG_WARN_ENUM_CONVERSION = YES;
				CLANG_WARN_INFINITE_RECURSION = YES;
				CLANG_WARN_INT_CONVERSION = YES;
				CLANG_WARN_OBJC_ROOT_CLASS = YES_ERROR;
				CLANG_WARN_SUSPICIOUS_MOVE = YES;
				CLANG_WARN_UNREACHABLE_CODE = YES;
				CLANG_WARN__DUPLICATE_METHOD_MATCH = YES;
				"CODE_SIGN_IDENTITY[sdk=iphoneos*]" = "iPhone Developer";
				COPY_PHASE_STRIP = NO;
				DEBUG_INFORMATION_FORMAT = "dwarf-with-dsym";
				ENABLE_NS_ASSERTIONS = NO;
				ENABLE_STRICT_OBJC_MSGSEND = YES;
				GCC_C_LANGUAGE_STANDARD = gnu99;
				GCC_NO_COMMON_BLOCKS = YES;
				GCC_WARN_64_TO_32_BIT_CONVERSION = YES;
				GCC_WARN_ABOUT_RETURN_TYPE = YES_ERROR;
				GCC_WARN_UNDECLARED_SELECTOR = YES;
				GCC_WARN_UNINITIALIZED_AUTOS = YES_AGGRESSIVE;
				GCC_WARN_UNUSED_FUNCTION = YES;
				GCC_WARN_UNUSED_VARIABLE = YES;
				IPHONEOS_DEPLOYMENT_TARGET = 10.3;
				MTL_ENABLE_DEBUG_INFO = NO;
				SDKROOT = iphoneos;
				SWIFT_OPTIMIZATION_LEVEL = "-Owholemodule";
				TARGETED_DEVICE_FAMILY = "1,2";
				VALIDATE_PRODUCT = YES;
			};
			name = Release;
		};
		BC6ADAE31F3506640052C27C /* Debug */ = {
			isa = XCBuildConfiguration;
			buildSettings = {
				ASSETCATALOG_COMPILER_APPICON_NAME = AppIcon;
				ENABLE_BITCODE = YES;
				INFOPLIST_FILE = Presideo/Info.plist;
				LD_RUNPATH_SEARCH_PATHS = "$(inherited) @executable_path/Frameworks";
				PRODUCT_BUNDLE_IDENTIFIER = prakash.Presideo;
				PRODUCT_NAME = "$(TARGET_NAME)";
				SWIFT_VERSION = 3.0;
			};
			name = Debug;
		};
		BC6ADAE41F3506640052C27C /* Release */ = {
			isa = XCBuildConfiguration;
			buildSettings = {
				ASSETCATALOG_COMPILER_APPICON_NAME = AppIcon;
				ENABLE_BITCODE = YES;
				INFOPLIST_FILE = Presideo/Info.plist;
				LD_RUNPATH_SEARCH_PATHS = "$(inherited) @executable_path/Frameworks";
				PRODUCT_BUNDLE_IDENTIFIER = prakash.Presideo;
				PRODUCT_NAME = "$(TARGET_NAME)";
				SWIFT_VERSION = 3.0;
			};
			name = Release;
		};
/* End XCBuildConfiguration section */

/* Begin XCConfigurationList section */
		BC6ADAC81F3506640052C27C /* Build configuration list for PBXProject "Presideo" */ = {
			isa = XCConfigurationList;
			buildConfigurations = (
				BC6ADAE01F3506640052C27C /* Debug */,
				BC6ADAE11F3506640052C27C /* Release */,
			);
			defaultConfigurationIsVisible = 0;
			defaultConfigurationName = Release;
		};
		BC6ADAE21F3506640052C27C /* Build configuration list for PBXNativeTarget "Presideo" */ = {
			isa = XCConfigurationList;
			buildConfigurations = (
				BC6ADAE31F3506640052C27C /* Debug */,
				BC6ADAE41F3506640052C27C /* Release */,
			);
			defaultConfigurationIsVisible = 0;
			defaultConfigurationName = Release;
		};
/* End XCConfigurationList section */

/* Begin XCVersionGroup section */
		BC6ADAD71F3506640052C27C /* Presideo.xcdatamodeld */ = {
			isa = XCVersionGroup;
			children = (
				BC6ADAD81F3506640052C27C /* Presideo.xcdatamodel */,
			);
			currentVersion = BC6ADAD81F3506640052C27C /* Presideo.xcdatamodel */;
			path = Presideo.xcdatamodeld;
			sourceTree = "<group>";
			versionGroupType = wrapper.xcdatamodel;
		};
/* End XCVersionGroup section */
	};
	rootObject = BC6ADAC51F3506640052C27C /* Project object */;
}
